
Microsoft Visual Studio Solution File, Format Version 12.00
# Visual Studio Version 16
VisualStudioVersion = 25.0.1706.14
MinimumVisualStudioVersion = 10.0.40219.1
Project("{FAE04EC0-301F-11D3-BF4B-00C04F79EFBC}") = "Fall2024-Assignment3-separal", "Fall2024-Assignment3-separal.csproj", "{458C2B2C-AFEA-4E9B-A8F8-D635C6518087}"
EndProject
Global
	GlobalSection(SolutionConfigurationPlatforms) = preSolution
		Debug|Any CPU = Debug|Any CPU
		Release|Any CPU = Release|Any CPU
	EndGlobalSection
	GlobalSection(ProjectConfigurationPlatforms) = postSolution
		{458C2B2C-AFEA-4E9B-A8F8-D635C6518087}.Debug|Any CPU.ActiveCfg = Debug|Any CPU
		{458C2B2C-AFEA-4E9B-A8F8-D635C6518087}.Debug|Any CPU.Build.0 = Debug|Any CPU
		{458C2B2C-AFEA-4E9B-A8F8-D635C6518087}.Release|Any CPU.ActiveCfg = Release|Any CPU
		{458C2B2C-AFEA-4E9B-A8F8-D635C6518087}.Release|Any CPU.Build.0 = Release|Any CPU
	EndGlobalSection
	GlobalSection(SolutionProperties) = preSolution
		HideSolutionNode = FALSE
	EndGlobalSection
	GlobalSection(ExtensibilityGlobals) = postSolution
		SolutionGuid = {5E947A8D-A42C-4154-8A40-3A3343183FB9}
	EndGlobalSection
EndGlobal
